
Microsoft Visual Studio Solution File, Format Version 12.00
# Visual Studio Version 17
VisualStudioVersion = 17.4.33205.214
MinimumVisualStudioVersion = 10.0.40219.1
Project("{FAE04EC0-301F-11D3-BF4B-00C04F79EFBC}") = "LibPOO", "LibPOO\LibPOO.csproj", "{4CE86F63-5142-47A3-809F-D03F1E1D7B70}"
EndProject
Project("{FAE04EC0-301F-11D3-BF4B-00C04F79EFBC}") = "WindowsAppDemos", "WindowsAppDemos\WindowsAppDemos.csproj", "{9E9A7082-66E4-4AAB-8DE1-0FF778DA7C62}"
EndProject
Global
	GlobalSection(SolutionConfigurationPlatforms) = preSolution
		Debug|Any CPU = Debug|Any CPU
		Release|Any CPU = Release|Any CPU
	EndGlobalSection
	GlobalSection(ProjectConfigurationPlatforms) = postSolution
		{4CE86F63-5142-47A3-809F-D03F1E1D7B70}.Debug|Any CPU.ActiveCfg = Debug|Any CPU
		{4CE86F63-5142-47A3-809F-D03F1E1D7B70}.Debug|Any CPU.Build.0 = Debug|Any CPU
		{4CE86F63-5142-47A3-809F-D03F1E1D7B70}.Release|Any CPU.ActiveCfg = Release|Any CPU
		{4CE86F63-5142-47A3-809F-D03F1E1D7B70}.Release|Any CPU.Build.0 = Release|Any CPU
		{9E9A7082-66E4-4AAB-8DE1-0FF778DA7C62}.Debug|Any CPU.ActiveCfg = Debug|Any CPU
		{9E9A7082-66E4-4AAB-8DE1-0FF778DA7C62}.Debug|Any CPU.Build.0 = Debug|Any CPU
		{9E9A7082-66E4-4AAB-8DE1-0FF778DA7C62}.Release|Any CPU.ActiveCfg = Release|Any CPU
		{9E9A7082-66E4-4AAB-8DE1-0FF778DA7C62}.Release|Any CPU.Build.0 = Release|Any CPU
	EndGlobalSection
	GlobalSection(SolutionProperties) = preSolution
		HideSolutionNode = FALSE
	EndGlobalSection
	GlobalSection(ExtensibilityGlobals) = postSolution
		SolutionGuid = {CFF487F7-DFF7-4704-B2E0-6CA90263FA1C}
	EndGlobalSection
EndGlobal
